
Microsoft Visual Studio Solution File, Format Version 12.00
# Visual Studio 15
VisualStudioVersion = 15.0.26124.0
MinimumVisualStudioVersion = 15.0.26124.0
Project("{FAE04EC0-301F-11D3-BF4B-00C04F79EFBC}") = "LazyResetCache", "LazyResetCache\LazyResetCache.csproj", "{4B004EA9-25E6-448F-A36C-85A7EFE7659C}"
EndProject
Project("{FAE04EC0-301F-11D3-BF4B-00C04F79EFBC}") = "LazyResetCache.Tests", "LazyResetCache.Tests\LazyResetCache.Tests.csproj", "{32EFF9B2-6A72-42F1-8938-BBF5ACC91803}"
EndProject
Project("{FAE04EC0-301F-11D3-BF4B-00C04F79EFBC}") = "LazyResetCache.Sample", "LazyResetCache.Sample\LazyResetCache.Sample.csproj", "{BA9D00F4-2E97-446E-BA89-EED57C502A3F}"
EndProject
Global
	GlobalSection(SolutionConfigurationPlatforms) = preSolution
		Debug|Any CPU = Debug|Any CPU
		Debug|x64 = Debug|x64
		Debug|x86 = Debug|x86
		Release|Any CPU = Release|Any CPU
		Release|x64 = Release|x64
		Release|x86 = Release|x86
	EndGlobalSection
	GlobalSection(SolutionProperties) = preSolution
		HideSolutionNode = FALSE
	EndGlobalSection
	GlobalSection(ProjectConfigurationPlatforms) = postSolution
		{4B004EA9-25E6-448F-A36C-85A7EFE7659C}.Debug|Any CPU.ActiveCfg = Debug|Any CPU
		{4B004EA9-25E6-448F-A36C-85A7EFE7659C}.Debug|Any CPU.Build.0 = Debug|Any CPU
		{4B004EA9-25E6-448F-A36C-85A7EFE7659C}.Debug|x64.ActiveCfg = Debug|x64
		{4B004EA9-25E6-448F-A36C-85A7EFE7659C}.Debug|x64.Build.0 = Debug|x64
		{4B004EA9-25E6-448F-A36C-85A7EFE7659C}.Debug|x86.ActiveCfg = Debug|x86
		{4B004EA9-25E6-448F-A36C-85A7EFE7659C}.Debug|x86.Build.0 = Debug|x86
		{4B004EA9-25E6-448F-A36C-85A7EFE7659C}.Release|Any CPU.ActiveCfg = Release|Any CPU
		{4B004EA9-25E6-448F-A36C-85A7EFE7659C}.Release|Any CPU.Build.0 = Release|Any CPU
		{4B004EA9-25E6-448F-A36C-85A7EFE7659C}.Release|x64.ActiveCfg = Release|x64
		{4B004EA9-25E6-448F-A36C-85A7EFE7659C}.Release|x64.Build.0 = Release|x64
		{4B004EA9-25E6-448F-A36C-85A7EFE7659C}.Release|x86.ActiveCfg = Release|x86
		{4B004EA9-25E6-448F-A36C-85A7EFE7659C}.Release|x86.Build.0 = Release|x86
		{32EFF9B2-6A72-42F1-8938-BBF5ACC91803}.Debug|Any CPU.ActiveCfg = Debug|Any CPU
		{32EFF9B2-6A72-42F1-8938-BBF5ACC91803}.Debug|Any CPU.Build.0 = Debug|Any CPU
		{32EFF9B2-6A72-42F1-8938-BBF5ACC91803}.Debug|x64.ActiveCfg = Debug|x64
		{32EFF9B2-6A72-42F1-8938-BBF5ACC91803}.Debug|x64.Build.0 = Debug|x64
		{32EFF9B2-6A72-42F1-8938-BBF5ACC91803}.Debug|x86.ActiveCfg = Debug|x86
		{32EFF9B2-6A72-42F1-8938-BBF5ACC91803}.Debug|x86.Build.0 = Debug|x86
		{32EFF9B2-6A72-42F1-8938-BBF5ACC91803}.Release|Any CPU.ActiveCfg = Release|Any CPU
		{32EFF9B2-6A72-42F1-8938-BBF5ACC91803}.Release|Any CPU.Build.0 = Release|Any CPU
		{32EFF9B2-6A72-42F1-8938-BBF5ACC91803}.Release|x64.ActiveCfg = Release|x64
		{32EFF9B2-6A72-42F1-8938-BBF5ACC91803}.Release|x64.Build.0 = Release|x64
		{32EFF9B2-6A72-42F1-8938-BBF5ACC91803}.Release|x86.ActiveCfg = Release|x86
		{32EFF9B2-6A72-42F1-8938-BBF5ACC91803}.Release|x86.Build.0 = Release|x86
		{BA9D00F4-2E97-446E-BA89-EED57C502A3F}.Debug|Any CPU.ActiveCfg = Debug|Any CPU
		{BA9D00F4-2E97-446E-BA89-EED57C502A3F}.Debug|Any CPU.Build.0 = Debug|Any CPU
		{BA9D00F4-2E97-446E-BA89-EED57C502A3F}.Debug|x64.ActiveCfg = Debug|Any CPU
		{BA9D00F4-2E97-446E-BA89-EED57C502A3F}.Debug|x64.Build.0 = Debug|Any CPU
		{BA9D00F4-2E97-446E-BA89-EED57C502A3F}.Debug|x86.ActiveCfg = Debug|Any CPU
		{BA9D00F4-2E97-446E-BA89-EED57C502A3F}.Debug|x86.Build.0 = Debug|Any CPU
		{BA9D00F4-2E97-446E-BA89-EED57C502A3F}.Release|Any CPU.ActiveCfg = Release|Any CPU
		{BA9D00F4-2E97-446E-BA89-EED57C502A3F}.Release|Any CPU.Build.0 = Release|Any CPU
		{BA9D00F4-2E97-446E-BA89-EED57C502A3F}.Release|x64.ActiveCfg = Release|Any CPU
		{BA9D00F4-2E97-446E-BA89-EED57C502A3F}.Release|x64.Build.0 = Release|Any CPU
		{BA9D00F4-2E97-446E-BA89-EED57C502A3F}.Release|x86.ActiveCfg = Release|Any CPU
		{BA9D00F4-2E97-446E-BA89-EED57C502A3F}.Release|x86.Build.0 = Release|Any CPU
	EndGlobalSection
EndGlobal
